PODS:
  - AppAuth (1.7.5):
    - AppAuth/Core (= 1.7.5)
    - AppAuth/ExternalUserAgent (= 1.7.5)
  - AppAuth/Core (1.7.5)
  - AppAuth/ExternalUserAgent (1.7.5):
    - AppAuth/Core
  - connectivity (0.0.1):
    - Flutter
    - Reachability
  - contacts_service (0.2.2):
    - Flutter
  - device_info (0.0.1):
    - Flutter
  - emoji_picker_flutter (0.0.1):
    - Flutter
  - FBAEMKit (17.0.2):
    - FBSDKCoreKit_Basics (= 17.0.2)
  - FBSDKCoreKit (17.0.2):
    - FBAEMKit (= 17.0.2)
    - FBSDKCoreKit_Basics (= 17.0.2)
  - FBSDKCoreKit_Basics (17.0.2)
  - FBSDKLoginKit (17.0.2):
    - FBSDKCoreKit (= 17.0.2)
  - Flutter (1.0.0)
  - flutter_facebook_auth (7.0.1):
    - FBSDKLoginKit (~> 17.0.2)
    - Flutter
  - flutter_secure_storage (6.0.0):
    - Flutter
  - google_sign_in_ios (0.0.1):
    - AppAuth (>= 1.7.4)
    - Flutter
    - FlutterMacOS
    - GoogleSignIn (~> 7.1)
    - GTMSessionFetcher (>= 3.4.0)
  - GoogleSignIn (7.1.0):
    - AppAuth (< 2.0, >= 1.7.3)
    - GTMAppAuth (< 5.0, >= 4.1.1)
    - GTMSessionFetcher/Core (~> 3.3)
  - GTMAppAuth (4.1.1):
    - AppAuth/Core (~> 1.7)
    - GTMSessionFetcher/Core (< 4.0, >= 3.3)
  - GTMSessionFetcher (3.5.0):
    - GTMSessionFetcher/Full (= 3.5.0)
  - GTMSessionFetcher/Core (3.5.0)
  - GTMSessionFetcher/Full (3.5.0):
    - GTMSessionFetcher/Core
  - image_picker_ios (0.0.1):
    - Flutter
  - integration_test (0.0.1):
    - Flutter
  - libphonenumber_plugin (0.0.1):
    - Flutter
    - PhoneNumberKit
  - local_auth_darwin (0.0.1):
    - Flutter
    - FlutterMacOS
  - path_provider_foundation (0.0.1):
    - Flutter
    - FlutterMacOS
  - permission_handler_apple (9.3.0):
    - Flutter
  - PhoneNumberKit (3.7.11):
    - PhoneNumberKit/PhoneNumberKitCore (= 3.7.11)
    - PhoneNumberKit/UIKit (= 3.7.11)
  - PhoneNumberKit/PhoneNumberKitCore (3.7.11)
  - PhoneNumberKit/UIKit (3.7.11):
    - PhoneNumberKit/PhoneNumberKitCore
  - Reachability (3.7.6)
  - shared_preferences_foundation (0.0.1):
    - Flutter
    - FlutterMacOS
  - url_launcher_ios (0.0.1):
    - Flutter
  - video_player_avfoundation (0.0.1):
    - Flutter
    - FlutterMacOS

DEPENDENCIES:
  - connectivity (from `.symlinks/plugins/connectivity/ios`)
  - contacts_service (from `.symlinks/plugins/contacts_service/ios`)
  - device_info (from `.symlinks/plugins/device_info/ios`)
  - emoji_picker_flutter (from `.symlinks/plugins/emoji_picker_flutter/ios`)
  - Flutter (from `Flutter`)
  - flutter_facebook_auth (from `.symlinks/plugins/flutter_facebook_auth/ios`)
  - flutter_secure_storage (from `.symlinks/plugins/flutter_secure_storage/ios`)
  - google_sign_in_ios (from `.symlinks/plugins/google_sign_in_ios/darwin`)
  - image_picker_ios (from `.symlinks/plugins/image_picker_ios/ios`)
  - integration_test (from `.symlinks/plugins/integration_test/ios`)
  - libphonenumber_plugin (from `.symlinks/plugins/libphonenumber_plugin/ios`)
  - local_auth_darwin (from `.symlinks/plugins/local_auth_darwin/darwin`)
  - path_provider_foundation (from `.symlinks/plugins/path_provider_foundation/darwin`)
  - permission_handler_apple (from `.symlinks/plugins/permission_handler_apple/ios`)
  - shared_preferences_foundation (from `.symlinks/plugins/shared_preferences_foundation/darwin`)
  - url_launcher_ios (from `.symlinks/plugins/url_launcher_ios/ios`)
  - video_player_avfoundation (from `.symlinks/plugins/video_player_avfoundation/darwin`)

SPEC REPOS:
  trunk:
    - AppAuth
    - FBAEMKit
    - FBSDKCoreKit
    - FBSDKCoreKit_Basics
    - FBSDKLoginKit
    - GoogleSignIn
    - GTMAppAuth
    - GTMSessionFetcher
    - PhoneNumberKit
    - Reachability

EXTERNAL SOURCES:
  connectivity:
    :path: ".symlinks/plugins/connectivity/ios"
  contacts_service:
    :path: ".symlinks/plugins/contacts_service/ios"
  device_info:
    :path: ".symlinks/plugins/device_info/ios"
  emoji_picker_flutter:
    :path: ".symlinks/plugins/emoji_picker_flutter/ios"
  Flutter:
    :path: Flutter
  flutter_facebook_auth:
    :path: ".symlinks/plugins/flutter_facebook_auth/ios"
  flutter_secure_storage:
    :path: ".symlinks/plugins/flutter_secure_storage/ios"
  google_sign_in_ios:
    :path: ".symlinks/plugins/google_sign_in_ios/darwin"
  image_picker_ios:
    :path: ".symlinks/plugins/image_picker_ios/ios"
  integration_test:
    :path: ".symlinks/plugins/integration_test/ios"
  libphonenumber_plugin:
    :path: ".symlinks/plugins/libphonenumber_plugin/ios"
  local_auth_darwin:
    :path: ".symlinks/plugins/local_auth_darwin/darwin"
  path_provider_foundation:
    :path: ".symlinks/plugins/path_provider_foundation/darwin"
  permission_handler_apple:
    :path: ".symlinks/plugins/permission_handler_apple/ios"
  shared_preferences_foundation:
    :path: ".symlinks/plugins/shared_preferences_foundation/darwin"
  url_launcher_ios:
    :path: ".symlinks/plugins/url_launcher_ios/ios"
  video_player_avfoundation:
    :path: ".symlinks/plugins/video_player_avfoundation/darwin"

SPEC CHECKSUMS:
  AppAuth: 501c04eda8a8d11f179dbe8637b7a91bb7e5d2fa
  connectivity: c4130b2985d4ef6fd26f9702e886bd5260681467
  contacts_service: 849e1f84281804c8bfbec1b4c3eedcb23c5d3eca
  device_info: d7d233b645a32c40dfdc212de5cf646ca482f175
  emoji_picker_flutter: fe2e6151c5b548e975d546e6eeb567daf0962a58
  FBAEMKit: 619f96ea65427e8afca240d5b0f4703738dfdf5c
  FBSDKCoreKit: a5f384db2e9ee84e98494fed8f983d2bd79accff
  FBSDKCoreKit_Basics: d35c775aaf243a2d731dfae7be3a74b1987285ab
  FBSDKLoginKit: f8ca5f7ab7c4e5b93e729d94975b0db7fcc511ed
  Flutter: e0871f40cf51350855a761d2e70bf5af5b9b5de7
  flutter_facebook_auth: 4fa1dc3fa624284a5ddfdf9e4a2b7945b3835949
  flutter_secure_storage: d33dac7ae2ea08509be337e775f6b59f1ff45f12
  google_sign_in_ios: 07375bfbf2620bc93a602c0e27160d6afc6ead38
  GoogleSignIn: d4281ab6cf21542b1cfaff85c191f230b399d2db
  GTMAppAuth: f69bd07d68cd3b766125f7e072c45d7340dea0de
  GTMSessionFetcher: 5aea5ba6bd522a239e236100971f10cb71b96ab6
  image_picker_ios: c560581cceedb403a6ff17f2f816d7fea1421fc1
  integration_test: 252f60fa39af5e17c3aa9899d35d908a0721b573
  libphonenumber_plugin: 48bf4078546377eedaab4aa54978cd0f6fa23072
  local_auth_darwin: 66e40372f1c29f383a314c738c7446e2f7fdadc3
  path_provider_foundation: 2b6b4c569c0fb62ec74538f866245ac84301af46
  permission_handler_apple: 9878588469a2b0d0fc1e048d9f43605f92e6cec2
  PhoneNumberKit: ced55861269312a5e3bc2ef82a58d6255b1c976a
  Reachability: fd0ecd23705e2599e4cceeb943222ae02296cbc6
  shared_preferences_foundation: fcdcbc04712aee1108ac7fda236f363274528f78
  url_launcher_ios: 5334b05cef931de560670eeae103fd3e431ac3fe
  video_player_avfoundation: 7c6c11d8470e1675df7397027218274b6d2360b3

PODFILE CHECKSUM: 1b50a4280f44a231b37f858aebc2a001225decec

COCOAPODS: 1.14.3
